// !$*UTF8*$!
{
	archiveVersion = 1;
	classes = {
	};
	objectVersion = 46;
	objects = {

/* Begin PBXBuildFile section */
		2E3CCE221B2038180085EA22 /* AppDelegate.swift in Sources */ = {isa = PBXBuildFile; fileRef = 2E3CCE211B2038180085EA22 /* AppDelegate.swift */; };
		2E3CCE241B2038180085EA22 /* ViewController.swift in Sources */ = {isa = PBXBuildFile; fileRef = 2E3CCE231B2038180085EA22 /* ViewController.swift */; };
		2E3CCE271B2038180085EA22 /* Main.storyboard in Resources */ = {isa = PBXBuildFile; fileRef = 2E3CCE251B2038180085EA22 /* Main.storyboard */; };
		2E3CCE291B2038180085EA22 /* Images.xcassets in Resources */ = {isa = PBXBuildFile; fileRef = 2E3CCE281B2038180085EA22 /* Images.xcassets */; };
		2E3CCE2C1B2038180085EA22 /* LaunchScreen.xib in Resources */ = {isa = PBXBuildFile; fileRef = 2E3CCE2A1B2038180085EA22 /* LaunchScreen.xib */; };
		2E3CCE381B2038190085EA22 /* GCDTimerExampleTests.swift in Sources */ = {isa = PBXBuildFile; fileRef = 2E3CCE371B2038190085EA22 /* GCDTimerExampleTests.swift */; };
		2E3CCE4C1B211F000085EA22 /* GCDTimer.framework in Frameworks */ = {isa = PBXBuildFile; fileRef = 2E3CCE481B2038400085EA22 /* GCDTimer.framework */; };
		2E3CCE4D1B211F000085EA22 /* GCDTimer.framework in Embed Frameworks */ = {isa = PBXBuildFile; fileRef = 2E3CCE481B2038400085EA22 /* GCDTimer.framework */; settings = {ATTRIBUTES = (CodeSignOnCopy, RemoveHeadersOnCopy, ); }; };
/* End PBXBuildFile section */

/* Begin PBXContainerItemProxy section */
		2E3CCE321B2038190085EA22 /* PBXContainerItemProxy */ = {
			isa = PBXContainerItemProxy;
			containerPortal = 2E3CCE141B2038180085EA22 /* Project object */;
			proxyType = 1;
			remoteGlobalIDString = 2E3CCE1B1B2038180085EA22;
			remoteInfo = GCDTimerExample;
		};
		2E3CCE471B2038400085EA22 /* PBXContainerItemProxy */ = {
			isa = PBXContainerItemProxy;
			containerPortal = 2E3CCE421B2038400085EA22 /* GCDTimer.xcodeproj */;
			proxyType = 2;
			remoteGlobalIDString = 2EE9CCAF1B200F7A00D1FDF6;
			remoteInfo = GCDTimer;
		};
		2E3CCE491B2038400085EA22 /* PBXContainerItemProxy */ = {
			isa = PBXContainerItemProxy;
			containerPortal = 2E3CCE421B2038400085EA22 /* GCDTimer.xcodeproj */;
			proxyType = 2;
			remoteGlobalIDString = 2EE9CCBA1B200F7A00D1FDF6;
			remoteInfo = GCDTimerTests;
		};
		2E3CCE4E1B211F000085EA22 /* PBXContainerItemProxy */ = {
			isa = PBXContainerItemProxy;
			containerPortal = 2E3CCE421B2038400085EA22 /* GCDTimer.xcodeproj */;
			proxyType = 1;
			remoteGlobalIDString = 2EE9CCAE1B200F7A00D1FDF6;
			remoteInfo = GCDTimer;
		};
/* End PBXContainerItemProxy section */

/* Begin PBXCopyFilesBuildPhase section */
		2E3CCE501B211F000085EA22 /* Embed Frameworks */ = {
			isa = PBXCopyFilesBuildPhase;
			buildActionMask = 2147483647;
			dstPath = "";
			dstSubfolderSpec = 10;
			files = (
				2E3CCE4D1B211F000085EA22 /* GCDTimer.framework in Embed Frameworks */,
			);
			name = "Embed Frameworks";
			runOnlyForDeploymentPostprocessing = 0;
		};
/* End PBXCopyFilesBuildPhase section */

/* Begin PBXFileReference section */
		2E3CCE1C1B2038180085EA22 /* GCDTimerExample.app */ = {isa = PBXFileReference; explicitFileType = wrapper.application; includeInIndex = 0; path = GCDTimerExample.app; sourceTree = BUILT_PRODUCTS_DIR; };
		2E3CCE201B2038180085EA22 /* Info.plist */ = {isa = PBXFileReference; lastKnownFileType = text.plist.xml; path = Info.plist; sourceTree = "<group>"; };
		2E3CCE211B2038180085EA22 /* AppDelegate.swift */ = {isa = PBXFileReference; lastKnownFileType = sourcecode.swift; path = AppDelegate.swift; sourceTree = "<group>"; };
		2E3CCE231B2038180085EA22 /* ViewController.swift */ = {isa = PBXFileReference; lastKnownFileType = sourcecode.swift; path = ViewController.swift; sourceTree = "<group>"; };
		2E3CCE261B2038180085EA22 /* Base */ = {isa = PBXFileReference; lastKnownFileType = file.storyboard; name = Base; path = Base.lproj/Main.storyboard; sourceTree = "<group>"; };
		2E3CCE281B2038180085EA22 /* Images.xcassets */ = {isa = PBXFileReference; lastKnownFileType = folder.assetcatalog; path = Images.xcassets; sourceTree = "<group>"; };
		2E3CCE2B1B2038180085EA22 /* Base */ = {isa = PBXFileReference; lastKnownFileType = file.xib; name = Base; path = Base.lproj/LaunchScreen.xib; sourceTree = "<group>"; };
		2E3CCE311B2038190085EA22 /* GCDTimerExampleTests.xctest */ = {isa = PBXFileReference; explicitFileType = wrapper.cfbundle; includeInIndex = 0; path = GCDTimerExampleTests.xctest; sourceTree = BUILT_PRODUCTS_DIR; };
		2E3CCE361B2038190085EA22 /* Info.plist */ = {isa = PBXFileReference; lastKnownFileType = text.plist.xml; path = Info.plist; sourceTree = "<group>"; };
		2E3CCE371B2038190085EA22 /* GCDTimerExampleTests.swift */ = {isa = PBXFileReference; lastKnownFileType = sourcecode.swift; path = GCDTimerExampleTests.swift; sourceTree = "<group>"; };
		2E3CCE421B2038400085EA22 /* GCDTimer.xcodeproj */ = {isa = PBXFileReference; lastKnownFileType = "wrapper.pb-project"; name = GCDTimer.xcodeproj; path = ../../GCDTimer.xcodeproj; sourceTree = "<group>"; };
/* End PBXFileReference section */

/* Begin PBXFrameworksBuildPhase section */
		2E3CCE191B2038180085EA22 /* Frameworks */ = {
			isa = PBXFrameworksBuildPhase;
			buildActionMask = 2147483647;
			files = (
				2E3CCE4C1B211F000085EA22 /* GCDTimer.framework in Frameworks */,
			);
			runOnlyForDeploymentPostprocessing = 0;
		};
		2E3CCE2E1B2038190085EA22 /* Frameworks */ = {
			isa = PBXFrameworksBuildPhase;
			buildActionMask = 2147483647;
			files = (
			);
			runOnlyForDeploymentPostprocessing = 0;
		};
/* End PBXFrameworksBuildPhase section */

/* Begin PBXGroup section */
		2E3CCE131B2038180085EA22 = {
			isa = PBXGroup;
			children = (
				2E3CCE1E1B2038180085EA22 /* GCDTimerExample */,
				2E3CCE341B2038190085EA22 /* GCDTimerExampleTests */,
				2E3CCE1D1B2038180085EA22 /* Products */,
				2E3CCE411B2038330085EA22 /* Frameworks */,
			);
			sourceTree = "<group>";
		};
		2E3CCE1D1B2038180085EA22 /* Products */ = {
			isa = PBXGroup;
			children = (
				2E3CCE1C1B2038180085EA22 /* GCDTimerExample.app */,
				2E3CCE311B2038190085EA22 /* GCDTimerExampleTests.xctest */,
			);
			name = Products;
			sourceTree = "<group>";
		};
		2E3CCE1E1B2038180085EA22 /* GCDTimerExample */ = {
			isa = PBXGroup;
			children = (
				2E3CCE211B2038180085EA22 /* AppDelegate.swift */,
				2E3CCE231B2038180085EA22 /* ViewController.swift */,
				2E3CCE251B2038180085EA22 /* Main.storyboard */,
				2E3CCE281B2038180085EA22 /* Images.xcassets */,
				2E3CCE2A1B2038180085EA22 /* LaunchScreen.xib */,
				2E3CCE1F1B2038180085EA22 /* Supporting Files */,
			);
			path = GCDTimerExample;
			sourceTree = "<group>";
		};
		2E3CCE1F1B2038180085EA22 /* Supporting Files */ = {
			isa = PBXGroup;
			children = (
				2E3CCE201B2038180085EA22 /* Info.plist */,
			);
			name = "Supporting Files";
			sourceTree = "<group>";
		};
		2E3CCE341B2038190085EA22 /* GCDTimerExampleTests */ = {
			isa = PBXGroup;
			children = (
				2E3CCE371B2038190085EA22 /* GCDTimerExampleTests.swift */,
				2E3CCE351B2038190085EA22 /* Supporting Files */,
			);
			path = GCDTimerExampleTests;
			sourceTree = "<group>";
		};
		2E3CCE351B2038190085EA22 /* Supporting Files */ = {
			isa = PBXGroup;
			children = (
				2E3CCE361B2038190085EA22 /* Info.plist */,
			);
			name = "Supporting Files";
			sourceTree = "<group>";
		};
		2E3CCE411B2038330085EA22 /* Frameworks */ = {
			isa = PBXGroup;
			children = (
				2E3CCE421B2038400085EA22 /* GCDTimer.xcodeproj */,
			);
			name = Frameworks;
			sourceTree = "<group>";
		};
		2E3CCE431B2038400085EA22 /* Products */ = {
			isa = PBXGroup;
			children = (
				2E3CCE481B2038400085EA22 /* GCDTimer.framework */,
				2E3CCE4A1B2038400085EA22 /* GCDTimerTests.xctest */,
			);
			name = Products;
			sourceTree = "<group>";
		};
/* End PBXGroup section */

/* Begin PBXNativeTarget section */
		2E3CCE1B1B2038180085EA22 /* GCDTimerExample */ = {
			isa = PBXNativeTarget;
			buildConfigurationList = 2E3CCE3B1B2038190085EA22 /* Build configuration list for PBXNativeTarget "GCDTimerExample" */;
			buildPhases = (
				2E3CCE181B2038180085EA22 /* Sources */,
				2E3CCE191B2038180085EA22 /* Frameworks */,
				2E3CCE1A1B2038180085EA22 /* Resources */,
				2E3CCE501B211F000085EA22 /* Embed Frameworks */,
			);
			buildRules = (
			);
			dependencies = (
				2E3CCE4F1B211F000085EA22 /* PBXTargetDependency */,
			);
			name = GCDTimerExample;
			productName = GCDTimerExample;
			productReference = 2E3CCE1C1B2038180085EA22 /* GCDTimerExample.app */;
			productType = "com.apple.product-type.application";
		};
		2E3CCE301B2038190085EA22 /* GCDTimerExampleTests */ = {
			isa = PBXNativeTarget;
			buildConfigurationList = 2E3CCE3E1B2038190085EA22 /* Build configuration list for PBXNativeTarget "GCDTimerExampleTests" */;
			buildPhases = (
				2E3CCE2D1B2038190085EA22 /* Sources */,
				2E3CCE2E1B2038190085EA22 /* Frameworks */,
				2E3CCE2F1B2038190085EA22 /* Resources */,
			);
			buildRules = (
			);
			dependencies = (
				2E3CCE331B2038190085EA22 /* PBXTargetDependency */,
			);
			name = GCDTimerExampleTests;
			productName = GCDTimerExampleTests;
			productReference = 2E3CCE311B2038190085EA22 /* GCDTimerExampleTests.xctest */;
			productType = "com.apple.product-type.bundle.unit-test";
		};
/* End PBXNativeTarget section */

/* Begin PBXProject section */
		2E3CCE141B2038180085EA22 /* Project object */ = {
			isa = PBXProject;
			attributes = {
				LastUpgradeCheck = 0630;
				ORGANIZATIONNAME = "Hemanta Sapkota";
				TargetAttributes = {
					2E3CCE1B1B2038180085EA22 = {
						CreatedOnToolsVersion = 6.3.2;
					};
					2E3CCE301B2038190085EA22 = {
						CreatedOnToolsVersion = 6.3.2;
						TestTargetID = 2E3CCE1B1B2038180085EA22;
					};
				};
			};
			buildConfigurationList = 2E3CCE171B2038180085EA22 /* Build configuration list for PBXProject "GCDTimerExample" */;
			compatibilityVersion = "Xcode 3.2";
			developmentRegion = English;
			hasScannedForEncodings = 0;
			knownRegions = (
				en,
				Base,
			);
			mainGroup = 2E3CCE131B2038180085EA22;
			productRefGroup = 2E3CCE1D1B2038180085EA22 /* Products */;
			projectDirPath = "";
			projectReferences = (
				{
					ProductGroup = 2E3CCE431B2038400085EA22 /* Products */;
					ProjectRef = 2E3CCE421B2038400085EA22 /* GCDTimer.xcodeproj */;
				},
			);
			projectRoot = "";
			targets = (
				2E3CCE1B1B2038180085EA22 /* GCDTimerExample */,
				2E3CCE301B2038190085EA22 /* GCDTimerExampleTests */,
			);
		};
/* End PBXProject section */

/* Begin PBXReferenceProxy section */
		2E3CCE481B2038400085EA22 /* GCDTimer.framework */ = {
			isa = PBXReferenceProxy;
			fileType = wrapper.framework;
			path = GCDTimer.framework;
			remoteRef = 2E3CCE471B2038400085EA22 /* PBXContainerItemProxy */;
			sourceTree = BUILT_PRODUCTS_DIR;
		};
		2E3CCE4A1B2038400085EA22 /* GCDTimerTests.xctest */ = {
			isa = PBXReferenceProxy;
			fileType = wrapper.cfbundle;
			path = GCDTimerTests.xctest;
			remoteRef = 2E3CCE491B2038400085EA22 /* PBXContainerItemProxy */;
			sourceTree = BUILT_PRODUCTS_DIR;
		};
/* End PBXReferenceProxy section */

/* Begin PBXResourcesBuildPhase section */
		2E3CCE1A1B2038180085EA22 /* Resources */ = {
			isa = PBXResourcesBuildPhase;
			buildActionMask = 2147483647;
			files = (
				2E3CCE271B2038180085EA22 /* Main.storyboard in Resources */,
				2E3CCE2C1B2038180085EA22 /* LaunchScreen.xib in Resources */,
				2E3CCE291B2038180085EA22 /* Images.xcassets in Resources */,
			);
			runOnlyForDeploymentPostprocessing = 0;
		};
		2E3CCE2F1B2038190085EA22 /* Resources */ = {
			isa = PBXResourcesBuildPhase;
			buildActionMask = 2147483647;
			files = (
			);
			runOnlyForDeploymentPostprocessing = 0;
		};
/* End PBXResourcesBuildPhase section */

/* Begin PBXSourcesBuildPhase section */
		2E3CCE181B2038180085EA22 /* Sources */ = {
			isa = PBXSourcesBuildPhase;
			buildActionMask = 2147483647;
			files = (
				2E3CCE241B2038180085EA22 /* ViewController.swift in Sources */,
				2E3CCE221B2038180085EA22 /* AppDelegate.swift in Sources */,
			);
			runOnlyForDeploymentPostprocessing = 0;
		};
		2E3CCE2D1B2038190085EA22 /* Sources */ = {
			isa = PBXSourcesBuildPhase;
			buildActionMask = 2147483647;
			files = (
				2E3CCE381B2038190085EA22 /* GCDTimerExampleTests.swift in Sources */,
			);
			runOnlyForDeploymentPostprocessing = 0;
		};
/* End PBXSourcesBuildPhase section */

/* Begin PBXTargetDependency section */
		2E3CCE331B2038190085EA22 /* PBXTargetDependency */ = {
			isa = PBXTargetDependency;
			target = 2E3CCE1B1B2038180085EA22 /* GCDTimerExample */;
			targetProxy = 2E3CCE321B2038190085EA22 /* PBXContainerItemProxy */;
		};
		2E3CCE4F1B211F000085EA22 /* PBXTargetDependency */ = {
			isa = PBXTargetDependency;
			name = GCDTimer;
			targetProxy = 2E3CCE4E1B211F000085EA22 /* PBXContainerItemProxy */;
		};
/* End PBXTargetDependency section */

/* Begin PBXVariantGroup section */
		2E3CCE251B2038180085EA22 /* Main.storyboard */ = {
			isa = PBXVariantGroup;
			children = (
				2E3CCE261B2038180085EA22 /* Base */,
			);
			name = Main.storyboard;
			sourceTree = "<group>";
		};
		2E3CCE2A1B2038180085EA22 /* LaunchScreen.xib */ = {
			isa = PBXVariantGroup;
			children = (
				2E3CCE2B1B2038180085EA22 /* Base */,
			);
			name = LaunchScreen.xib;
			sourceTree = "<group>";
		};
/* End PBXVariantGroup section */

/* Begin XCBuildConfiguration section */
		2E3CCE391B2038190085EA22 /* Debug */ = {
			isa = XCBuildConfiguration;
			buildSettings = {
				ALWAYS_SEARCH_USER_PATHS = NO;
				CLANG_CXX_LANGUAGE_STANDARD = "gnu++0x";
				CLANG_CXX_LIBRARY = "libc++";
				CLANG_ENABLE_MODULES = YES;
				CLANG_ENABLE_OBJC_ARC = YES;
				CLANG_WARN_BOOL_CONVERSION = YES;
				CLANG_WARN_CONSTANT_CONVERSION = YES;
				CLANG_WARN_DIRECT_OBJC_ISA_USAGE = YES_ERROR;
				CLANG_WARN_EMPTY_BODY = YES;
				CLANG_WARN_ENUM_CONVERSION = YES;
				CLANG_WARN_INT_CONVERSION = YES;
				CLANG_WARN_OBJC_ROOT_CLASS = YES_ERROR;
				CLANG_WARN_UNREACHABLE_CODE = YES;
				CLANG_WARN__DUPLICATE_METHOD_MATCH = YES;
				"CODE_SIGN_IDENTITY[sdk=iphoneos*]" = "iPhone Developer";
				COPY_PHASE_STRIP = NO;
				DEBUG_INFORMATION_FORMAT = "dwarf-with-dsym";
				ENABLE_STRICT_OBJC_MSGSEND = YES;
				GCC_C_LANGUAGE_STANDARD = gnu99;
				GCC_DYNAMIC_NO_PIC = NO;
				GCC_NO_COMMON_BLOCKS = YES;
				GCC_OPTIMIZATION_LEVEL = 0;
				GCC_PREPROCESSOR_DEFINITIONS = (
					"DEBUG=1",
					"$(inherited)",
				);
				GCC_SYMBOLS_PRIVATE_EXTERN = NO;
				GCC_WARN_64_TO_32_BIT_CONVERSION = YES;
				GCC_WARN_ABOUT_RETURN_TYPE = YES_ERROR;
				GCC_WARN_UNDECLARED_SELECTOR = YES;
				GCC_WARN_UNINITIALIZED_AUTOS = YES_AGGRESSIVE;
				GCC_WARN_UNUSED_FUNCTION = YES;
				GCC_WARN_UNUSED_VARIABLE = YES;
				IPHONEOS_DEPLOYMENT_TARGET = 8.3;
				MTL_ENABLE_DEBUG_INFO = YES;
				ONLY_ACTIVE_ARCH = YES;
				SDKROOT = iphoneos;
				SWIFT_OPTIMIZATION_LEVEL = "-Onone";
				TARGETED_DEVICE_FAMILY = "1,2";
			};
			name = Debug;
		};
		2E3CCE3A1B2038190085EA22 /* Release */ = {
			isa = XCBuildConfiguration;
			buildSettings = {
				ALWAYS_SEARCH_USER_PATHS = NO;
				CLANG_CXX_LANGUAGE_STANDARD = "gnu++0x";
				CLANG_CXX_LIBRARY = "libc++";
				CLANG_ENABLE_MODULES = YES;
				CLANG_ENABLE_OBJC_ARC = YES;
				CLANG_WARN_BOOL_CONVERSION = YES;
				CLANG_WARN_CONSTANT_CONVERSION = YES;
				CLANG_WARN_DIRECT_OBJC_ISA_USAGE = YES_ERROR;
				CLANG_WARN_EMPTY_BODY = YES;
				CLANG_WARN_ENUM_CONVERSION = YES;
				CLANG_WARN_INT_CONVERSION = YES;
				CLANG_WARN_OBJC_ROOT_CLASS = YES_ERROR;
				CLANG_WARN_UNREACHABLE_CODE = YES;
				CLANG_WARN__DUPLICATE_METHOD_MATCH = YES;
				"CODE_SIGN_IDENTITY[sdk=iphoneos*]" = "iPhone Developer";
				COPY_PHASE_STRIP = NO;
				DEBUG_INFORMATION_FORMAT = "dwarf-with-dsym";
				ENABLE_NS_ASSERTIONS = NO;
				ENABLE_STRICT_OBJC_MSGSEND = YES;
				GCC_C_LANGUAGE_STANDARD = gnu99;
				GCC_NO_COMMON_BLOCKS = YES;
				GCC_WARN_64_TO_32_BIT_CONVERSION = YES;
				GCC_WARN_ABOUT_RETURN_TYPE = YES_ERROR;
				GCC_WARN_UNDECLARED_SELECTOR = YES;
				GCC_WARN_UNINITIALIZED_AUTOS = YES_AGGRESSIVE;
				GCC_WARN_UNUSED_FUNCTION = YES;
				GCC_WARN_UNUSED_VARIABLE = YES;
				IPHONEOS_DEPLOYMENT_TARGET = 8.3;
				MTL_ENABLE_DEBUG_INFO = NO;
				SDKROOT = iphoneos;
				TARGETED_DEVICE_FAMILY = "1,2";
				VALIDATE_PRODUCT = YES;
			};
			name = Release;
		};
		2E3CCE3C1B2038190085EA22 /* Debug */ = {
			isa = XCBuildConfiguration;
			buildSettings = {
				ASSETCATALOG_COMPILER_APPICON_NAME = AppIcon;
				INFOPLIST_FILE = GCDTimerExample/Info.plist;
				LD_RUNPATH_SEARCH_PATHS = "$(inherited) @executable_path/Frameworks";
				PRODUCT_NAME = "$(TARGET_NAME)";
			};
			name = Debug;
		};
		2E3CCE3D1B2038190085EA22 /* Release */ = {
			isa = XCBuildConfiguration;
			buildSettings = {
				ASSETCATALOG_COMPILER_APPICON_NAME = AppIcon;
				INFOPLIST_FILE = GCDTimerExample/Info.plist;
				LD_RUNPATH_SEARCH_PATHS = "$(inherited) @executable_path/Frameworks";
				PRODUCT_NAME = "$(TARGET_NAME)";
			};
			name = Release;
		};
		2E3CCE3F1B2038190085EA22 /* Debug */ = {
			isa = XCBuildConfiguration;
			buildSettings = {
				BUNDLE_LOADER = "$(TEST_HOST)";
				FRAMEWORK_SEARCH_PATHS = (
					"$(SDKROOT)/Developer/Library/Frameworks",
					"$(inherited)",
				);
				GCC_PREPROCESSOR_DEFINITIONS = (
					"DEBUG=1",
					"$(inherited)",
				);
				INFOPLIST_FILE = GCDTimerExampleTests/Info.plist;
				LD_RUNPATH_SEARCH_PATHS = "$(inherited) @executable_path/Frameworks @loader_path/Frameworks";
				PRODUCT_NAME = "$(TARGET_NAME)";
				TEST_HOST = "$(BUILT_PRODUCTS_DIR)/GCDTimerExample.app/GCDTimerExample";
			};
			name = Debug;
		};
		2E3CCE401B2038190085EA22 /* Release */ = {
			isa = XCBuildConfiguration;
			buildSettings = {
				BUNDLE_LOADER = "$(TEST_HOST)";
				FRAMEWORK_SEARCH_PATHS = (
					"$(SDKROOT)/Developer/Library/Frameworks",
					"$(inherited)",
				);
				INFOPLIST_FILE = GCDTimerExampleTests/Info.plist;
				LD_RUNPATH_SEARCH_PATHS = "$(inherited) @executable_path/Frameworks @loader_path/Frameworks";
				PRODUCT_NAME = "$(TARGET_NAME)";
				TEST_HOST = "$(BUILT_PRODUCTS_DIR)/GCDTimerExample.app/GCDTimerExample";
			};
			name = Release;
		};
/* End XCBuildConfiguration section */

/* Begin XCConfigurationList section */
		2E3CCE171B2038180085EA22 /* Build configuration list for PBXProject "GCDTimerExample" */ = {
			isa = XCConfigurationList;
			buildConfigurations = (
				2E3CCE391B2038190085EA22 /* Debug */,
				2E3CCE3A1B2038190085EA22 /* Release */,
			);
			defaultConfigurationIsVisible = 0;
			defaultConfigurationName = Release;
		};
		2E3CCE3B1B2038190085EA22 /* Build configuration list for PBXNativeTarget "GCDTimerExample" */ = {
			isa = XCConfigurationList;
			buildConfigurations = (
				2E3CCE3C1B2038190085EA22 /* Debug */,
				2E3CCE3D1B2038190085EA22 /* Release */,
			);
			defaultConfigurationIsVisible = 0;
			defaultConfigurationName = Release;
		};
		2E3CCE3E1B2038190085EA22 /* Build configuration list for PBXNativeTarget "GCDTimerExampleTests" */ = {
			isa = XCConfigurationList;
			buildConfigurations = (
				2E3CCE3F1B2038190085EA22 /* Debug */,
				2E3CCE401B2038190085EA22 /* Release */,
			);
			defaultConfigurationIsVisible = 0;
			defaultConfigurationName = Release;
		};
/* End XCConfigurationList section */
	};
	rootObject = 2E3CCE141B2038180085EA22 /* Project object */;
}
